Microsoft Visual Studio Solution File, Format Version 12.00
# Visual Studio Version 17
VisualStudioVersion = 17.5.2.0
MinimumVisualStudioVersion = 10.0.40219.1
Project("{FAE04EC0-301F-11D3-BF4B-00C04F79EFBC}") = "queue", "queue.csproj", "{BCFDAC4E-1A3D-7DDE-32EA-51B4F788C614}"
EndProject
Global
	GlobalSection(SolutionConfigurationPlatforms) = preSolution
		Debug|Any CPU = Debug|Any CPU
		Release|Any CPU = Release|Any CPU
	EndGlobalSection
	GlobalSection(ProjectConfigurationPlatforms) = postSolution
		{BCFDAC4E-1A3D-7DDE-32EA-51B4F788C614}.Debug|Any CPU.ActiveCfg = Debug|Any CPU
		{BCFDAC4E-1A3D-7DDE-32EA-51B4F788C614}.Debug|Any CPU.Build.0 = Debug|Any CPU
		{BCFDAC4E-1A3D-7DDE-32EA-51B4F788C614}.Release|Any CPU.ActiveCfg = Release|Any CPU
		{BCFDAC4E-1A3D-7DDE-32EA-51B4F788C614}.Release|Any CPU.Build.0 = Release|Any CPU
	EndGlobalSection
	GlobalSection(SolutionProperties) = preSolution
		HideSolutionNode = FALSE
	EndGlobalSection
	GlobalSection(ExtensibilityGlobals) = postSolution
		SolutionGuid = {D97AC3B2-8B8F-40AE-A1AB-D96A29880BBA}
	EndGlobalSection
EndGlobal
